{
  "requires": true,
  "lockfileVersion": 1,
  "dependencies": {
    "react-native-popup-menu": {
      "version": "0.12.2",
      "resolved": "https://registry.npmjs.org/react-native-popup-menu/-/react-native-popup-menu-0.12.2.tgz",
      "integrity": "sha1-ZWi1LPZFZj8GClUPIyQfoVUr+g4="
    }
  }
}
